
Microsoft Visual Studio Solution File, Format Version 12.00
# Visual Studio Version 16
VisualStudioVersion = 16.0.31729.503
MinimumVisualStudioVersion = 10.0.40219.1
Project("{FAE04EC0-301F-11D3-BF4B-00C04F79EFBC}") = "Course", "Course\Course.csproj", "{C7D8DEBB-E230-4F48-BA47-CE7EB2531B87}"
EndProject
Global
	GlobalSection(SolutionConfigurationPlatforms) = preSolution
		Debug|Any CPU = Debug|Any CPU
		Release|Any CPU = Release|Any CPU
	EndGlobalSection
	GlobalSection(ProjectConfigurationPlatforms) = postSolution
		{C7D8DEBB-E230-4F48-BA47-CE7EB2531B87}.Debug|Any CPU.ActiveCfg = Debug|Any CPU
		{C7D8DEBB-E230-4F48-BA47-CE7EB2531B87}.Debug|Any CPU.Build.0 = Debug|Any CPU
		{C7D8DEBB-E230-4F48-BA47-CE7EB2531B87}.Release|Any CPU.ActiveCfg = Release|Any CPU
		{C7D8DEBB-E230-4F48-BA47-CE7EB2531B87}.Release|Any CPU.Build.0 = Release|Any CPU
	EndGlobalSection
	GlobalSection(SolutionProperties) = preSolution
		HideSolutionNode = FALSE
	EndGlobalSection
	GlobalSection(ExtensibilityGlobals) = postSolution
		SolutionGuid = {6FB0D3CB-CEAF-4411-9EF9-3E3B6FEFE312}
	EndGlobalSection
EndGlobal
